
Microsoft Visual Studio Solution File, Format Version 12.00
# Visual Studio Version 16
VisualStudioVersion = 16.0.30114.105
MinimumVisualStudioVersion = 10.0.40219.1
Project("{FAE04EC0-301F-11D3-BF4B-00C04F79EFBC}") = "Serilog.Wrapper", "Serilog.Wrapper\Serilog.Wrapper.csproj", "{3CF69C0F-C802-41AC-8D2C-67DB087C83D0}"
EndProject
Project("{FAE04EC0-301F-11D3-BF4B-00C04F79EFBC}") = "Serilog.Wrapper.CLI.TestApp", "Serilog.Wrapper.CLI.TestApp\Serilog.Wrapper.CLI.TestApp.csproj", "{4504F9E8-BB40-478E-BCB4-8947F238391E}"
EndProject
Global
	GlobalSection(SolutionConfigurationPlatforms) = preSolution
		Debug|Any CPU = Debug|Any CPU
		Release|Any CPU = Release|Any CPU
	EndGlobalSection
	GlobalSection(SolutionProperties) = preSolution
		HideSolutionNode = FALSE
	EndGlobalSection
	GlobalSection(ProjectConfigurationPlatforms) = postSolution
		{3CF69C0F-C802-41AC-8D2C-67DB087C83D0}.Debug|Any CPU.ActiveCfg = Debug|Any CPU
		{3CF69C0F-C802-41AC-8D2C-67DB087C83D0}.Debug|Any CPU.Build.0 = Debug|Any CPU
		{3CF69C0F-C802-41AC-8D2C-67DB087C83D0}.Release|Any CPU.ActiveCfg = Release|Any CPU
		{3CF69C0F-C802-41AC-8D2C-67DB087C83D0}.Release|Any CPU.Build.0 = Release|Any CPU
		{4504F9E8-BB40-478E-BCB4-8947F238391E}.Debug|Any CPU.ActiveCfg = Debug|Any CPU
		{4504F9E8-BB40-478E-BCB4-8947F238391E}.Debug|Any CPU.Build.0 = Debug|Any CPU
		{4504F9E8-BB40-478E-BCB4-8947F238391E}.Release|Any CPU.ActiveCfg = Release|Any CPU
		{4504F9E8-BB40-478E-BCB4-8947F238391E}.Release|Any CPU.Build.0 = Release|Any CPU
	EndGlobalSection
EndGlobal
